
Microsoft Visual Studio Solution File, Format Version 12.00
# Visual Studio Version 17
VisualStudioVersion = 17.4.33213.308
MinimumVisualStudioVersion = 10.0.40219.1
Project("{888888A0-9F3D-457C-B088-3A5042F75D52}") = "StrokePrediction", "StrokePrediction\StrokePrediction.pyproj", "{F256DF4C-F82F-455E-9E06-C7BEC000942C}"
EndProject
Global
	GlobalSection(SolutionConfigurationPlatforms) = preSolution
		Debug|Any CPU = Debug|Any CPU
		Release|Any CPU = Release|Any CPU
	EndGlobalSection
	GlobalSection(ProjectConfigurationPlatforms) = postSolution
		{F256DF4C-F82F-455E-9E06-C7BEC000942C}.Debug|Any CPU.ActiveCfg = Debug|Any CPU
		{F256DF4C-F82F-455E-9E06-C7BEC000942C}.Debug|Any CPU.Build.0 = Debug|Any CPU
		{F256DF4C-F82F-455E-9E06-C7BEC000942C}.Release|Any CPU.ActiveCfg = Release|Any CPU
		{F256DF4C-F82F-455E-9E06-C7BEC000942C}.Release|Any CPU.Build.0 = Release|Any CPU
	EndGlobalSection
	GlobalSection(SolutionProperties) = preSolution
		HideSolutionNode = FALSE
	EndGlobalSection
	GlobalSection(ExtensibilityGlobals) = postSolution
		SolutionGuid = {6D5D40C3-8C64-498A-AA05-BC18BD3C164D}
	EndGlobalSection
EndGlobal
